
Microsoft Visual Studio Solution File, Format Version 12.00
# Visual Studio Version 17
VisualStudioVersion = 17.8.34316.72
MinimumVisualStudioVersion = 10.0.40219.1
Project("{9A19103F-16F7-4668-BE54-9A1E7A4F7556}") = "Beneficiario.api", "Beneficiario\Beneficiario.api.csproj", "{4EAD47A9-3ADD-4640-B415-59070EC7D004}"
EndProject
Project("{9A19103F-16F7-4668-BE54-9A1E7A4F7556}") = "Beneficiario.Service", "Beneficiario.Service\Beneficiario.Service.csproj", "{52A3CCEC-CE42-4C4C-9AFC-A4C9DE5E3CD9}"
EndProject
Project("{9A19103F-16F7-4668-BE54-9A1E7A4F7556}") = "Beneficiario.Domain", "Beneficiario.Domain\Beneficiario.Domain.csproj", "{9345E9BC-C3C6-4A19-8264-ADAAB88EECCA}"
EndProject
Project("{9A19103F-16F7-4668-BE54-9A1E7A4F7556}") = "Beneficiario.Repository", "Beneficiario.Repository\Beneficiario.Repository.csproj", "{F5AFE994-31E6-4EAA-BFDB-68D8FD9E935D}"
EndProject
Global
	GlobalSection(SolutionConfigurationPlatforms) = preSolution
		Debug|Any CPU = Debug|Any CPU
		Release|Any CPU = Release|Any CPU
	EndGlobalSection
	GlobalSection(ProjectConfigurationPlatforms) = postSolution
		{4EAD47A9-3ADD-4640-B415-59070EC7D004}.Debug|Any CPU.ActiveCfg = Debug|Any CPU
		{4EAD47A9-3ADD-4640-B415-59070EC7D004}.Debug|Any CPU.Build.0 = Debug|Any CPU
		{4EAD47A9-3ADD-4640-B415-59070EC7D004}.Release|Any CPU.ActiveCfg = Release|Any CPU
		{4EAD47A9-3ADD-4640-B415-59070EC7D004}.Release|Any CPU.Build.0 = Release|Any CPU
		{52A3CCEC-CE42-4C4C-9AFC-A4C9DE5E3CD9}.Debug|Any CPU.ActiveCfg = Debug|Any CPU
		{52A3CCEC-CE42-4C4C-9AFC-A4C9DE5E3CD9}.Debug|Any CPU.Build.0 = Debug|Any CPU
		{52A3CCEC-CE42-4C4C-9AFC-A4C9DE5E3CD9}.Release|Any CPU.ActiveCfg = Release|Any CPU
		{52A3CCEC-CE42-4C4C-9AFC-A4C9DE5E3CD9}.Release|Any CPU.Build.0 = Release|Any CPU
		{9345E9BC-C3C6-4A19-8264-ADAAB88EECCA}.Debug|Any CPU.ActiveCfg = Debug|Any CPU
		{9345E9BC-C3C6-4A19-8264-ADAAB88EECCA}.Debug|Any CPU.Build.0 = Debug|Any CPU
		{9345E9BC-C3C6-4A19-8264-ADAAB88EECCA}.Release|Any CPU.ActiveCfg = Release|Any CPU
		{9345E9BC-C3C6-4A19-8264-ADAAB88EECCA}.Release|Any CPU.Build.0 = Release|Any CPU
		{F5AFE994-31E6-4EAA-BFDB-68D8FD9E935D}.Debug|Any CPU.ActiveCfg = Debug|Any CPU
		{F5AFE994-31E6-4EAA-BFDB-68D8FD9E935D}.Debug|Any CPU.Build.0 = Debug|Any CPU
		{F5AFE994-31E6-4EAA-BFDB-68D8FD9E935D}.Release|Any CPU.ActiveCfg = Release|Any CPU
		{F5AFE994-31E6-4EAA-BFDB-68D8FD9E935D}.Release|Any CPU.Build.0 = Release|Any CPU
	EndGlobalSection
	GlobalSection(SolutionProperties) = preSolution
		HideSolutionNode = FALSE
	EndGlobalSection
	GlobalSection(ExtensibilityGlobals) = postSolution
		SolutionGuid = {D71146D3-F742-4A55-8445-8A423E7EB674}
	EndGlobalSection
EndGlobal
